{
  "name": "video_streaming",
  "version": "1.0.0",
  "lockfileVersion": 1,
  "requires": true,
  "dependencies": {
    "@mdi/font": {
      "version": "3.3.92",
      "resolved": "https://registry.npmjs.org/@mdi/font/-/font-3.3.92.tgz",
      "integrity": "sha512-Ux6iPfRjT9gHtejfss7aHBjgedLx8OrnX7Q+DuqgGYVkr9Amhi7cWFd745znrj7Y74pnjrs+uAbpohPK3ue5Ew=="
    }
  }
}
